
Microsoft Visual Studio Solution File, Format Version 11.00
# Visual Studio 2010
Project("{FAE04EC0-301F-11D3-BF4B-00C04F79EFBC}") = "Assembly-CSharp-Editor", "Assembly-CSharp-Editor.csproj", "{f529c8cc-97b2-e126-55b3-4a669fd9441c}"
EndProject
Project("{FAE04EC0-301F-11D3-BF4B-00C04F79EFBC}") = "Assembly-CSharp", "Assembly-CSharp.csproj", "{1334bce2-9ef0-7cf4-1e3e-114124325a31}"
EndProject
Global
	GlobalSection(SolutionConfigurationPlatforms) = preSolution
		Debug|Any CPU = Debug|Any CPU
	EndGlobalSection
	GlobalSection(ProjectConfigurationPlatforms) = postSolution
		{f529c8cc-97b2-e126-55b3-4a669fd9441c}.Debug|Any CPU.ActiveCfg = Debug|Any CPU
		{f529c8cc-97b2-e126-55b3-4a669fd9441c}.Debug|Any CPU.Build.0 = Debug|Any CPU
		{1334bce2-9ef0-7cf4-1e3e-114124325a31}.Debug|Any CPU.ActiveCfg = Debug|Any CPU
		{1334bce2-9ef0-7cf4-1e3e-114124325a31}.Debug|Any CPU.Build.0 = Debug|Any CPU
	EndGlobalSection
	GlobalSection(SolutionProperties) = preSolution
		HideSolutionNode = FALSE
	EndGlobalSection
EndGlobal
